
Microsoft Visual Studio Solution File, Format Version 12.00
# Visual Studio Version 17
VisualStudioVersion = 17.14.36301.6
MinimumVisualStudioVersion = 10.0.40219.1
Project("{FAE04EC0-301F-11D3-BF4B-00C04F79EFBC}") = "RemoteDesktop.Shared", "RemoteDesktop.Shared\RemoteDesktop.Shared.csproj", "{B30F6416-B194-4111-AF75-FFA73CC26E4E}"
EndProject
Project("{FAE04EC0-301F-11D3-BF4B-00C04F79EFBC}") = "RemoteDesktop.Server", "RemoteDesktop.Server\RemoteDesktop.Server.csproj", "{1025EB84-16BF-4E24-90AE-F42CCB695E75}"
EndProject
Project("{FAE04EC0-301F-11D3-BF4B-00C04F79EFBC}") = "RemoteDesktop.Client", "RemoteDesktop.Client\RemoteDesktop.Client.csproj", "{4488970E-71F5-4279-93E6-009F212DE8F4}"
EndProject
Global
	GlobalSection(SolutionConfigurationPlatforms) = preSolution
		Debug|Any CPU = Debug|Any CPU
		Release|Any CPU = Release|Any CPU
	EndGlobalSection
	GlobalSection(ProjectConfigurationPlatforms) = postSolution
		{B30F6416-B194-4111-AF75-FFA73CC26E4E}.Debug|Any CPU.ActiveCfg = Debug|Any CPU
		{B30F6416-B194-4111-AF75-FFA73CC26E4E}.Debug|Any CPU.Build.0 = Debug|Any CPU
		{B30F6416-B194-4111-AF75-FFA73CC26E4E}.Release|Any CPU.ActiveCfg = Release|Any CPU
		{B30F6416-B194-4111-AF75-FFA73CC26E4E}.Release|Any CPU.Build.0 = Release|Any CPU
		{1025EB84-16BF-4E24-90AE-F42CCB695E75}.Debug|Any CPU.ActiveCfg = Debug|Any CPU
		{1025EB84-16BF-4E24-90AE-F42CCB695E75}.Debug|Any CPU.Build.0 = Debug|Any CPU
		{1025EB84-16BF-4E24-90AE-F42CCB695E75}.Release|Any CPU.ActiveCfg = Release|Any CPU
		{1025EB84-16BF-4E24-90AE-F42CCB695E75}.Release|Any CPU.Build.0 = Release|Any CPU
		{4488970E-71F5-4279-93E6-009F212DE8F4}.Debug|Any CPU.ActiveCfg = Debug|Any CPU
		{4488970E-71F5-4279-93E6-009F212DE8F4}.Debug|Any CPU.Build.0 = Debug|Any CPU
		{4488970E-71F5-4279-93E6-009F212DE8F4}.Release|Any CPU.ActiveCfg = Release|Any CPU
		{4488970E-71F5-4279-93E6-009F212DE8F4}.Release|Any CPU.Build.0 = Release|Any CPU
	EndGlobalSection
	GlobalSection(SolutionProperties) = preSolution
		HideSolutionNode = FALSE
	EndGlobalSection
	GlobalSection(ExtensibilityGlobals) = postSolution
		SolutionGuid = {4BCC5A30-7E7E-4F79-9144-CC6E3A276B0A}
	EndGlobalSection
EndGlobal
