
Microsoft Visual Studio Solution File, Format Version 12.00
# Visual Studio Version 17
VisualStudioVersion = 17.14.36301.6
MinimumVisualStudioVersion = 10.0.40219.1
Project("{FAE04EC0-301F-11D3-BF4B-00C04F79EFBC}") = "RemoteDesktop.Client", "RemoteDesktop.Client\RemoteDesktop.Client.csproj", "{43790976-CC30-4018-8136-B46872CC6696}"
EndProject
Project("{FAE04EC0-301F-11D3-BF4B-00C04F79EFBC}") = "NewRemoteDesktop.Server", "NewRemoteDesktop.Server\NewRemoteDesktop.Server.csproj", "{2C13A332-58AF-4C86-85B5-D3AFAF18A3A3}"
EndProject
Global
	GlobalSection(SolutionConfigurationPlatforms) = preSolution
		Debug|Any CPU = Debug|Any CPU
		Release|Any CPU = Release|Any CPU
	EndGlobalSection
	GlobalSection(ProjectConfigurationPlatforms) = postSolution
		{43790976-CC30-4018-8136-B46872CC6696}.Debug|Any CPU.ActiveCfg = Debug|Any CPU
		{43790976-CC30-4018-8136-B46872CC6696}.Debug|Any CPU.Build.0 = Debug|Any CPU
		{43790976-CC30-4018-8136-B46872CC6696}.Release|Any CPU.ActiveCfg = Release|Any CPU
		{43790976-CC30-4018-8136-B46872CC6696}.Release|Any CPU.Build.0 = Release|Any CPU
		{2C13A332-58AF-4C86-85B5-D3AFAF18A3A3}.Debug|Any CPU.ActiveCfg = Debug|Any CPU
		{2C13A332-58AF-4C86-85B5-D3AFAF18A3A3}.Debug|Any CPU.Build.0 = Debug|Any CPU
		{2C13A332-58AF-4C86-85B5-D3AFAF18A3A3}.Release|Any CPU.ActiveCfg = Release|Any CPU
		{2C13A332-58AF-4C86-85B5-D3AFAF18A3A3}.Release|Any CPU.Build.0 = Release|Any CPU
	EndGlobalSection
	GlobalSection(SolutionProperties) = preSolution
		HideSolutionNode = FALSE
	EndGlobalSection
	GlobalSection(ExtensibilityGlobals) = postSolution
		SolutionGuid = {4BCC5A30-7E7E-4F79-9144-CC6E3A276B0A}
	EndGlobalSection
EndGlobal
